Microsoft Visual Studio Solution File, Format Version 12.00
# Visual Studio Version 16
VisualStudioVersion = 16.0.28729.10
MinimumVisualStudioVersion = 10.0.40219.1
Project("{9A19103F-16F7-4668-BE54-9A1E7A4F7556}") = "MicroRatchet", "MicroRatchet\MicroRatchet.csproj", "{AF07AD05-6AD5-4DFB-8789-171B51559F0C}"
EndProject
Project("{9A19103F-16F7-4668-BE54-9A1E7A4F7556}") = "MicroRatchet.Tests", "MicroRatchet.Tests\MicroRatchet.Tests.csproj", "{EF4462BC-0E43-47EA-9ADA-B01A60B101F8}"
EndProject
Project("{9A19103F-16F7-4668-BE54-9A1E7A4F7556}") = "MicroRatchet.Performance", "MicroRatchet.Performance\MicroRatchet.Performance.csproj", "{A9AE970B-F1B0-4CBC-92CB-188E96F38CFE}"
EndProject
Project("{9A19103F-16F7-4668-BE54-9A1E7A4F7556}") = "MicroRatchet.BouncyCastle", "MicroRatchet.BouncyCastle\MicroRatchet.BouncyCastle.csproj", "{58E34E39-CE5B-44EC-AB5E-0EBE486D8707}"
EndProject
Global
	GlobalSection(SolutionConfigurationPlatforms) = preSolution
		Debug|Any CPU = Debug|Any CPU
		Debug|x64 = Debug|x64
		Debug|x86 = Debug|x86
		Release|Any CPU = Release|Any CPU
		Release|x64 = Release|x64
		Release|x86 = Release|x86
	EndGlobalSection
	GlobalSection(ProjectConfigurationPlatforms) = postSolution
		{AF07AD05-6AD5-4DFB-8789-171B51559F0C}.Debug|Any CPU.ActiveCfg = Debug|Any CPU
		{AF07AD05-6AD5-4DFB-8789-171B51559F0C}.Debug|Any CPU.Build.0 = Debug|Any CPU
		{AF07AD05-6AD5-4DFB-8789-171B51559F0C}.Debug|x64.ActiveCfg = Debug|Any CPU
		{AF07AD05-6AD5-4DFB-8789-171B51559F0C}.Debug|x86.ActiveCfg = Debug|Any CPU
		{AF07AD05-6AD5-4DFB-8789-171B51559F0C}.Release|Any CPU.ActiveCfg = Release|Any CPU
		{AF07AD05-6AD5-4DFB-8789-171B51559F0C}.Release|Any CPU.Build.0 = Release|Any CPU
		{AF07AD05-6AD5-4DFB-8789-171B51559F0C}.Release|x64.ActiveCfg = Release|Any CPU
		{AF07AD05-6AD5-4DFB-8789-171B51559F0C}.Release|x86.ActiveCfg = Release|Any CPU
		{EF4462BC-0E43-47EA-9ADA-B01A60B101F8}.Debug|Any CPU.ActiveCfg = Debug|Any CPU
		{EF4462BC-0E43-47EA-9ADA-B01A60B101F8}.Debug|Any CPU.Build.0 = Debug|Any CPU
		{EF4462BC-0E43-47EA-9ADA-B01A60B101F8}.Debug|x64.ActiveCfg = Debug|Any CPU
		{EF4462BC-0E43-47EA-9ADA-B01A60B101F8}.Debug|x86.ActiveCfg = Debug|Any CPU
		{EF4462BC-0E43-47EA-9ADA-B01A60B101F8}.Release|Any CPU.ActiveCfg = Release|Any CPU
		{EF4462BC-0E43-47EA-9ADA-B01A60B101F8}.Release|Any CPU.Build.0 = Release|Any CPU
		{EF4462BC-0E43-47EA-9ADA-B01A60B101F8}.Release|x64.ActiveCfg = Release|Any CPU
		{EF4462BC-0E43-47EA-9ADA-B01A60B101F8}.Release|x86.ActiveCfg = Release|Any CPU
		{A9AE970B-F1B0-4CBC-92CB-188E96F38CFE}.Debug|Any CPU.ActiveCfg = Debug|Any CPU
		{A9AE970B-F1B0-4CBC-92CB-188E96F38CFE}.Debug|Any CPU.Build.0 = Debug|Any CPU
		{A9AE970B-F1B0-4CBC-92CB-188E96F38CFE}.Debug|x64.ActiveCfg = Debug|Any CPU
		{A9AE970B-F1B0-4CBC-92CB-188E96F38CFE}.Debug|x86.ActiveCfg = Debug|Any CPU
		{A9AE970B-F1B0-4CBC-92CB-188E96F38CFE}.Release|Any CPU.ActiveCfg = Release|Any CPU
		{A9AE970B-F1B0-4CBC-92CB-188E96F38CFE}.Release|Any CPU.Build.0 = Release|Any CPU
		{A9AE970B-F1B0-4CBC-92CB-188E96F38CFE}.Release|x64.ActiveCfg = Release|Any CPU
		{A9AE970B-F1B0-4CBC-92CB-188E96F38CFE}.Release|x86.ActiveCfg = Release|Any CPU
		{58E34E39-CE5B-44EC-AB5E-0EBE486D8707}.Debug|Any CPU.ActiveCfg = Debug|Any CPU
		{58E34E39-CE5B-44EC-AB5E-0EBE486D8707}.Debug|Any CPU.Build.0 = Debug|Any CPU
		{58E34E39-CE5B-44EC-AB5E-0EBE486D8707}.Debug|x64.ActiveCfg = Debug|Any CPU
		{58E34E39-CE5B-44EC-AB5E-0EBE486D8707}.Debug|x86.ActiveCfg = Debug|Any CPU
		{58E34E39-CE5B-44EC-AB5E-0EBE486D8707}.Release|Any CPU.ActiveCfg = Release|Any CPU
		{58E34E39-CE5B-44EC-AB5E-0EBE486D8707}.Release|Any CPU.Build.0 = Release|Any CPU
		{58E34E39-CE5B-44EC-AB5E-0EBE486D8707}.Release|x64.ActiveCfg = Release|Any CPU
		{58E34E39-CE5B-44EC-AB5E-0EBE486D8707}.Release|x86.ActiveCfg = Release|Any CPU
	EndGlobalSection
	GlobalSection(SolutionProperties) = preSolution
		HideSolutionNode = FALSE
	EndGlobalSection
	GlobalSection(ExtensibilityGlobals) = postSolution
		SolutionGuid = {110AE236-E5CF-49FF-81A2-9BEE5E109CC7}
	EndGlobalSection
	GlobalSection(Performance) = preSolution
		HasPerformanceSessions = true
	EndGlobalSection
EndGlobal
