
Microsoft Visual Studio Solution File, Format Version 12.00
# Visual Studio 15
VisualStudioVersion = 15.0.28307.421
MinimumVisualStudioVersion = 10.0.40219.1
Project("{9A19103F-16F7-4668-BE54-9A1E7A4F7556}") = "MicroRatchet", "MicroRatchet\MicroRatchet.csproj", "{AF07AD05-6AD5-4DFB-8789-171B51559F0C}"
EndProject
Project("{9A19103F-16F7-4668-BE54-9A1E7A4F7556}") = "MicroRatchet.Tests", "MicroRatchet.Tests\MicroRatchet.Tests.csproj", "{EF4462BC-0E43-47EA-9ADA-B01A60B101F8}"
EndProject
Project("{9A19103F-16F7-4668-BE54-9A1E7A4F7556}") = "MicroRatchet.Performance", "MicroRatchet.Performance\MicroRatchet.Performance.csproj", "{A9AE970B-F1B0-4CBC-92CB-188E96F38CFE}"
EndProject
Project("{2150E333-8FDC-42A3-9474-1A3956D46DE8}") = "Solution Items", "Solution Items", "{BC963FFA-F74D-4F22-9C53-D95BB8F17796}"
	ProjectSection(SolutionItems) = preProject
		LICENSE = LICENSE
		Readme.md = Readme.md
	EndProjectSection
EndProject
Project("{8BC9CEB8-8B4A-11D0-8D11-00A0C91BC942}") = "libmicroratchet", "libmicroratchet\libmicroratchet.vcxproj", "{2F4B9A57-32F2-43EB-82D1-6107C0BC75CA}"
EndProject
Project("{8BC9CEB8-8B4A-11D0-8D11-00A0C91BC942}") = "microratchettests", "microratchettests\microratchettests.vcxproj", "{5F7E5C77-A8E1-495C-AF60-A98BA4160182}"
EndProject
Project("{2150E333-8FDC-42A3-9474-1A3956D46DE8}") = "CShap", "CShap", "{EFC21EF8-95E5-46B5-8C75-278D7F9E09F6}"
EndProject
Project("{2150E333-8FDC-42A3-9474-1A3956D46DE8}") = "C", "C", "{341D2A20-9590-4C29-9CFE-D14D5364D787}"
EndProject
Project("{2150E333-8FDC-42A3-9474-1A3956D46DE8}") = "ThirdParty", "ThirdParty", "{CC71FC62-5213-45D3-B637-C1009B343A17}"
EndProject
Project("{8BC9CEB8-8B4A-11D0-8D11-00A0C91BC942}") = "wolfssl", "thirdParty\wolfssl.vcxproj", "{73973223-5EE8-41CA-8E88-1D60E89A237B}"
EndProject
Project("{8BC9CEB8-8B4A-11D0-8D11-00A0C91BC942}") = "microratchetwolfssl", "microratchetwolfssl\microratchetwolfssl.vcxproj", "{30FE0529-081B-460F-BECE-47F7375D6018}"
EndProject
Global
	GlobalSection(SolutionConfigurationPlatforms) = preSolution
		Debug|Any CPU = Debug|Any CPU
		Debug|x64 = Debug|x64
		Debug|x86 = Debug|x86
		Release|Any CPU = Release|Any CPU
		Release|x64 = Release|x64
		Release|x86 = Release|x86
	EndGlobalSection
	GlobalSection(ProjectConfigurationPlatforms) = postSolution
		{AF07AD05-6AD5-4DFB-8789-171B51559F0C}.Debug|Any CPU.ActiveCfg = Debug|Any CPU
		{AF07AD05-6AD5-4DFB-8789-171B51559F0C}.Debug|Any CPU.Build.0 = Debug|Any CPU
		{AF07AD05-6AD5-4DFB-8789-171B51559F0C}.Debug|x64.ActiveCfg = Debug|Any CPU
		{AF07AD05-6AD5-4DFB-8789-171B51559F0C}.Debug|x86.ActiveCfg = Debug|Any CPU
		{AF07AD05-6AD5-4DFB-8789-171B51559F0C}.Release|Any CPU.ActiveCfg = Release|Any CPU
		{AF07AD05-6AD5-4DFB-8789-171B51559F0C}.Release|Any CPU.Build.0 = Release|Any CPU
		{AF07AD05-6AD5-4DFB-8789-171B51559F0C}.Release|x64.ActiveCfg = Release|Any CPU
		{AF07AD05-6AD5-4DFB-8789-171B51559F0C}.Release|x86.ActiveCfg = Release|Any CPU
		{EF4462BC-0E43-47EA-9ADA-B01A60B101F8}.Debug|Any CPU.ActiveCfg = Debug|Any CPU
		{EF4462BC-0E43-47EA-9ADA-B01A60B101F8}.Debug|Any CPU.Build.0 = Debug|Any CPU
		{EF4462BC-0E43-47EA-9ADA-B01A60B101F8}.Debug|x64.ActiveCfg = Debug|Any CPU
		{EF4462BC-0E43-47EA-9ADA-B01A60B101F8}.Debug|x86.ActiveCfg = Debug|Any CPU
		{EF4462BC-0E43-47EA-9ADA-B01A60B101F8}.Release|Any CPU.ActiveCfg = Release|Any CPU
		{EF4462BC-0E43-47EA-9ADA-B01A60B101F8}.Release|Any CPU.Build.0 = Release|Any CPU
		{EF4462BC-0E43-47EA-9ADA-B01A60B101F8}.Release|x64.ActiveCfg = Release|Any CPU
		{EF4462BC-0E43-47EA-9ADA-B01A60B101F8}.Release|x86.ActiveCfg = Release|Any CPU
		{A9AE970B-F1B0-4CBC-92CB-188E96F38CFE}.Debug|Any CPU.ActiveCfg = Debug|Any CPU
		{A9AE970B-F1B0-4CBC-92CB-188E96F38CFE}.Debug|Any CPU.Build.0 = Debug|Any CPU
		{A9AE970B-F1B0-4CBC-92CB-188E96F38CFE}.Debug|x64.ActiveCfg = Debug|Any CPU
		{A9AE970B-F1B0-4CBC-92CB-188E96F38CFE}.Debug|x86.ActiveCfg = Debug|Any CPU
		{A9AE970B-F1B0-4CBC-92CB-188E96F38CFE}.Release|Any CPU.ActiveCfg = Release|Any CPU
		{A9AE970B-F1B0-4CBC-92CB-188E96F38CFE}.Release|Any CPU.Build.0 = Release|Any CPU
		{A9AE970B-F1B0-4CBC-92CB-188E96F38CFE}.Release|x64.ActiveCfg = Release|Any CPU
		{A9AE970B-F1B0-4CBC-92CB-188E96F38CFE}.Release|x86.ActiveCfg = Release|Any CPU
		{2F4B9A57-32F2-43EB-82D1-6107C0BC75CA}.Debug|Any CPU.ActiveCfg = Debug|Win32
		{2F4B9A57-32F2-43EB-82D1-6107C0BC75CA}.Debug|x64.ActiveCfg = Debug|x64
		{2F4B9A57-32F2-43EB-82D1-6107C0BC75CA}.Debug|x64.Build.0 = Debug|x64
		{2F4B9A57-32F2-43EB-82D1-6107C0BC75CA}.Debug|x86.ActiveCfg = Debug|Win32
		{2F4B9A57-32F2-43EB-82D1-6107C0BC75CA}.Debug|x86.Build.0 = Debug|Win32
		{2F4B9A57-32F2-43EB-82D1-6107C0BC75CA}.Release|Any CPU.ActiveCfg = Release|Win32
		{2F4B9A57-32F2-43EB-82D1-6107C0BC75CA}.Release|x64.ActiveCfg = Release|x64
		{2F4B9A57-32F2-43EB-82D1-6107C0BC75CA}.Release|x64.Build.0 = Release|x64
		{2F4B9A57-32F2-43EB-82D1-6107C0BC75CA}.Release|x86.ActiveCfg = Release|Win32
		{2F4B9A57-32F2-43EB-82D1-6107C0BC75CA}.Release|x86.Build.0 = Release|Win32
		{5F7E5C77-A8E1-495C-AF60-A98BA4160182}.Debug|Any CPU.ActiveCfg = Debug|Win32
		{5F7E5C77-A8E1-495C-AF60-A98BA4160182}.Debug|x64.ActiveCfg = Debug|x64
		{5F7E5C77-A8E1-495C-AF60-A98BA4160182}.Debug|x64.Build.0 = Debug|x64
		{5F7E5C77-A8E1-495C-AF60-A98BA4160182}.Debug|x86.ActiveCfg = Debug|Win32
		{5F7E5C77-A8E1-495C-AF60-A98BA4160182}.Debug|x86.Build.0 = Debug|Win32
		{5F7E5C77-A8E1-495C-AF60-A98BA4160182}.Release|Any CPU.ActiveCfg = Release|Win32
		{5F7E5C77-A8E1-495C-AF60-A98BA4160182}.Release|x64.ActiveCfg = Release|x64
		{5F7E5C77-A8E1-495C-AF60-A98BA4160182}.Release|x64.Build.0 = Release|x64
		{5F7E5C77-A8E1-495C-AF60-A98BA4160182}.Release|x86.ActiveCfg = Release|Win32
		{5F7E5C77-A8E1-495C-AF60-A98BA4160182}.Release|x86.Build.0 = Release|Win32
		{73973223-5EE8-41CA-8E88-1D60E89A237B}.Debug|Any CPU.ActiveCfg = Debug|Win32
		{73973223-5EE8-41CA-8E88-1D60E89A237B}.Debug|x64.ActiveCfg = Debug|x64
		{73973223-5EE8-41CA-8E88-1D60E89A237B}.Debug|x64.Build.0 = Debug|x64
		{73973223-5EE8-41CA-8E88-1D60E89A237B}.Debug|x86.ActiveCfg = Debug|Win32
		{73973223-5EE8-41CA-8E88-1D60E89A237B}.Debug|x86.Build.0 = Debug|Win32
		{73973223-5EE8-41CA-8E88-1D60E89A237B}.Release|Any CPU.ActiveCfg = Release|Win32
		{73973223-5EE8-41CA-8E88-1D60E89A237B}.Release|x64.ActiveCfg = Release|x64
		{73973223-5EE8-41CA-8E88-1D60E89A237B}.Release|x64.Build.0 = Release|x64
		{73973223-5EE8-41CA-8E88-1D60E89A237B}.Release|x86.ActiveCfg = Release|Win32
		{73973223-5EE8-41CA-8E88-1D60E89A237B}.Release|x86.Build.0 = Release|Win32
		{30FE0529-081B-460F-BECE-47F7375D6018}.Debug|Any CPU.ActiveCfg = Debug|Win32
		{30FE0529-081B-460F-BECE-47F7375D6018}.Debug|x64.ActiveCfg = Debug|x64
		{30FE0529-081B-460F-BECE-47F7375D6018}.Debug|x64.Build.0 = Debug|x64
		{30FE0529-081B-460F-BECE-47F7375D6018}.Debug|x86.ActiveCfg = Debug|Win32
		{30FE0529-081B-460F-BECE-47F7375D6018}.Debug|x86.Build.0 = Debug|Win32
		{30FE0529-081B-460F-BECE-47F7375D6018}.Release|Any CPU.ActiveCfg = Release|Win32
		{30FE0529-081B-460F-BECE-47F7375D6018}.Release|x64.ActiveCfg = Release|x64
		{30FE0529-081B-460F-BECE-47F7375D6018}.Release|x64.Build.0 = Release|x64
		{30FE0529-081B-460F-BECE-47F7375D6018}.Release|x86.ActiveCfg = Release|Win32
		{30FE0529-081B-460F-BECE-47F7375D6018}.Release|x86.Build.0 = Release|Win32
	EndGlobalSection
	GlobalSection(SolutionProperties) = preSolution
		HideSolutionNode = FALSE
	EndGlobalSection
	GlobalSection(NestedProjects) = preSolution
		{AF07AD05-6AD5-4DFB-8789-171B51559F0C} = {EFC21EF8-95E5-46B5-8C75-278D7F9E09F6}
		{EF4462BC-0E43-47EA-9ADA-B01A60B101F8} = {EFC21EF8-95E5-46B5-8C75-278D7F9E09F6}
		{A9AE970B-F1B0-4CBC-92CB-188E96F38CFE} = {EFC21EF8-95E5-46B5-8C75-278D7F9E09F6}
		{2F4B9A57-32F2-43EB-82D1-6107C0BC75CA} = {341D2A20-9590-4C29-9CFE-D14D5364D787}
		{5F7E5C77-A8E1-495C-AF60-A98BA4160182} = {341D2A20-9590-4C29-9CFE-D14D5364D787}
		{73973223-5EE8-41CA-8E88-1D60E89A237B} = {CC71FC62-5213-45D3-B637-C1009B343A17}
		{30FE0529-081B-460F-BECE-47F7375D6018} = {341D2A20-9590-4C29-9CFE-D14D5364D787}
	EndGlobalSection
	GlobalSection(ExtensibilityGlobals) = postSolution
		SolutionGuid = {110AE236-E5CF-49FF-81A2-9BEE5E109CC7}
	EndGlobalSection
	GlobalSection(Performance) = preSolution
		HasPerformanceSessions = true
	EndGlobalSection
	GlobalSection(Performance) = preSolution
		HasPerformanceSessions = true
	EndGlobalSection
	GlobalSection(Performance) = preSolution
		HasPerformanceSessions = true
	EndGlobalSection
EndGlobal
